// !$*UTF8*$!
{
	archiveVersion = 1;
	classes = {
	};
	objectVersion = 46;
	objects = {

/* Begin PBXBuildFile section */
		AE3B0910197AEC7A00A9B4CC /* AppDelegate.swift in Sources */ = {isa = PBXBuildFile; fileRef = AE3B090F197AEC7A00A9B4CC /* AppDelegate.swift */; };
		AE3B0912197AEC7A00A9B4CC /* ViewController.swift in Sources */ = {isa = PBXBuildFile; fileRef = AE3B0911197AEC7A00A9B4CC /* ViewController.swift */; };
		AE3B0915197AEC7A00A9B4CC /* Main.storyboard in Resources */ = {isa = PBXBuildFile; fileRef = AE3B0913197AEC7A00A9B4CC /* Main.storyboard */; };
		AE3B0917197AEC7A00A9B4CC /* Images.xcassets in Resources */ = {isa = PBXBuildFile; fileRef = AE3B0916197AEC7A00A9B4CC /* Images.xcassets */; };
		AE3B0923197AEC7A00A9B4CC /* TallerSwiftSampleButtonsTests.swift in Sources */ = {isa = PBXBuildFile; fileRef = AE3B0922197AEC7A00A9B4CC /* TallerSwiftSampleButtonsTests.swift */; };
/* End PBXBuildFile section */

/* Begin PBXContainerItemProxy section */
		AE3B091D197AEC7A00A9B4CC /* PBXContainerItemProxy */ = {
			isa = PBXContainerItemProxy;
			containerPortal = AE3B0902197AEC7A00A9B4CC /* Project object */;
			proxyType = 1;
			remoteGlobalIDString = AE3B0909197AEC7A00A9B4CC;
			remoteInfo = TallerSwiftSampleButtons;
		};
/* End PBXContainerItemProxy section */

/* Begin PBXFileReference section */
		AE3B090A197AEC7A00A9B4CC /* TallerSwiftSampleButtons.app */ = {isa = PBXFileReference; explicitFileType = wrapper.application; includeInIndex = 0; path = TallerSwiftSampleButtons.app; sourceTree = BUILT_PRODUCTS_DIR; };
		AE3B090E197AEC7A00A9B4CC /* Info.plist */ = {isa = PBXFileReference; lastKnownFileType = text.plist.xml; path = Info.plist; sourceTree = "<group>"; };
		AE3B090F197AEC7A00A9B4CC /* AppDelegate.swift */ = {isa = PBXFileReference; lastKnownFileType = sourcecode.swift; path = AppDelegate.swift; sourceTree = "<group>"; };
		AE3B0911197AEC7A00A9B4CC /* ViewController.swift */ = {isa = PBXFileReference; lastKnownFileType = sourcecode.swift; path = ViewController.swift; sourceTree = "<group>"; };
		AE3B0914197AEC7A00A9B4CC /* Base */ = {isa = PBXFileReference; lastKnownFileType = file.storyboard; name = Base; path = Base.lproj/Main.storyboard; sourceTree = "<group>"; };
		AE3B0916197AEC7A00A9B4CC /* Images.xcassets */ = {isa = PBXFileReference; lastKnownFileType = folder.assetcatalog; path = Images.xcassets; sourceTree = "<group>"; };
		AE3B091C197AEC7A00A9B4CC /* TallerSwiftSampleButtonsTests.xctest */ = {isa = PBXFileReference; explicitFileType = wrapper.cfbundle; includeInIndex = 0; path = TallerSwiftSampleButtonsTests.xctest; sourceTree = BUILT_PRODUCTS_DIR; };
		AE3B0921197AEC7A00A9B4CC /* Info.plist */ = {isa = PBXFileReference; lastKnownFileType = text.plist.xml; path = Info.plist; sourceTree = "<group>"; };
		AE3B0922197AEC7A00A9B4CC /* TallerSwiftSampleButtonsTests.swift */ = {isa = PBXFileReference; lastKnownFileType = sourcecode.swift; path = TallerSwiftSampleButtonsTests.swift; sourceTree = "<group>"; };
/* End PBXFileReference section */

/* Begin PBXFrameworksBuildPhase section */
		AE3B0907197AEC7A00A9B4CC /* Frameworks */ = {
			isa = PBXFrameworksBuildPhase;
			buildActionMask = 2147483647;
			files = (
			);
			runOnlyForDeploymentPostprocessing = 0;
		};
		AE3B0919197AEC7A00A9B4CC /* Frameworks */ = {
			isa = PBXFrameworksBuildPhase;
			buildActionMask = 2147483647;
			files = (
			);
			runOnlyForDeploymentPostprocessing = 0;
		};
/* End PBXFrameworksBuildPhase section */

/* Begin PBXGroup section */
		AE3B0901197AEC7A00A9B4CC = {
			isa = PBXGroup;
			children = (
				AE3B090C197AEC7A00A9B4CC /* TallerSwiftSampleButtons */,
				AE3B091F197AEC7A00A9B4CC /* TallerSwiftSampleButtonsTests */,
				AE3B090B197AEC7A00A9B4CC /* Products */,
			);
			sourceTree = "<group>";
		};
		AE3B090B197AEC7A00A9B4CC /* Products */ = {
			isa = PBXGroup;
			children = (
				AE3B090A197AEC7A00A9B4CC /* TallerSwiftSampleButtons.app */,
				AE3B091C197AEC7A00A9B4CC /* TallerSwiftSampleButtonsTests.xctest */,
			);
			name = Products;
			sourceTree = "<group>";
		};
		AE3B090C197AEC7A00A9B4CC /* TallerSwiftSampleButtons */ = {
			isa = PBXGroup;
			children = (
				AE3B090F197AEC7A00A9B4CC /* AppDelegate.swift */,
				AE3B0913197AEC7A00A9B4CC /* Main.storyboard */,
				AE3B0911197AEC7A00A9B4CC /* ViewController.swift */,
				AE3B0916197AEC7A00A9B4CC /* Images.xcassets */,
				AE3B090D197AEC7A00A9B4CC /* Supporting Files */,
			);
			path = TallerSwiftSampleButtons;
			sourceTree = "<group>";
		};
		AE3B090D197AEC7A00A9B4CC /* Supporting Files */ = {
			isa = PBXGroup;
			children = (
				AE3B090E197AEC7A00A9B4CC /* Info.plist */,
			);
			name = "Supporting Files";
			sourceTree = "<group>";
		};
		AE3B091F197AEC7A00A9B4CC /* TallerSwiftSampleButtonsTests */ = {
			isa = PBXGroup;
			children = (
				AE3B0922197AEC7A00A9B4CC /* TallerSwiftSampleButtonsTests.swift */,
				AE3B0920197AEC7A00A9B4CC /* Supporting Files */,
			);
			path = TallerSwiftSampleButtonsTests;
			sourceTree = "<group>";
		};
		AE3B0920197AEC7A00A9B4CC /* Supporting Files */ = {
			isa = PBXGroup;
			children = (
				AE3B0921197AEC7A00A9B4CC /* Info.plist */,
			);
			name = "Supporting Files";
			sourceTree = "<group>";
		};
/* End PBXGroup section */

/* Begin PBXNativeTarget section */
		AE3B0909197AEC7A00A9B4CC /* TallerSwiftSampleButtons */ = {
			isa = PBXNativeTarget;
			buildConfigurationList = AE3B0926197AEC7A00A9B4CC /* Build configuration list for PBXNativeTarget "TallerSwiftSampleButtons" */;
			buildPhases = (
				AE3B0906197AEC7A00A9B4CC /* Sources */,
				AE3B0907197AEC7A00A9B4CC /* Frameworks */,
				AE3B0908197AEC7A00A9B4CC /* Resources */,
			);
			buildRules = (
			);
			dependencies = (
			);
			name = TallerSwiftSampleButtons;
			productName = TallerSwiftSampleButtons;
			productReference = AE3B090A197AEC7A00A9B4CC /* TallerSwiftSampleButtons.app */;
			productType = "com.apple.product-type.application";
		};
		AE3B091B197AEC7A00A9B4CC /* TallerSwiftSampleButtonsTests */ = {
			isa = PBXNativeTarget;
			buildConfigurationList = AE3B0929197AEC7A00A9B4CC /* Build configuration list for PBXNativeTarget "TallerSwiftSampleButtonsTests" */;
			buildPhases = (
				AE3B0918197AEC7A00A9B4CC /* Sources */,
				AE3B0919197AEC7A00A9B4CC /* Frameworks */,
				AE3B091A197AEC7A00A9B4CC /* Resources */,
			);
			buildRules = (
			);
			dependencies = (
				AE3B091E197AEC7A00A9B4CC /* PBXTargetDependency */,
			);
			name = TallerSwiftSampleButtonsTests;
			productName = TallerSwiftSampleButtonsTests;
			productReference = AE3B091C197AEC7A00A9B4CC /* TallerSwiftSampleButtonsTests.xctest */;
			productType = "com.apple.product-type.bundle.unit-test";
		};
/* End PBXNativeTarget section */

/* Begin PBXProject section */
		AE3B0902197AEC7A00A9B4CC /* Project object */ = {
			isa = PBXProject;
			attributes = {
				LastUpgradeCheck = 0600;
				ORGANIZATIONNAME = JorgeSV;
				TargetAttributes = {
					AE3B0909197AEC7A00A9B4CC = {
						CreatedOnToolsVersion = 6.0;
					};
					AE3B091B197AEC7A00A9B4CC = {
						CreatedOnToolsVersion = 6.0;
						TestTargetID = AE3B0909197AEC7A00A9B4CC;
					};
				};
			};
			buildConfigurationList = AE3B0905197AEC7A00A9B4CC /* Build configuration list for PBXProject "TallerSwiftSampleButtons" */;
			compatibilityVersion = "Xcode 3.2";
			developmentRegion = English;
			hasScannedForEncodings = 0;
			knownRegions = (
				en,
				Base,
			);
			mainGroup = AE3B0901197AEC7A00A9B4CC;
			productRefGroup = AE3B090B197AEC7A00A9B4CC /* Products */;
			projectDirPath = "";
			projectRoot = "";
			targets = (
				AE3B0909197AEC7A00A9B4CC /* TallerSwiftSampleButtons */,
				AE3B091B197AEC7A00A9B4CC /* TallerSwiftSampleButtonsTests */,
			);
		};
/* End PBXProject section */

/* Begin PBXResourcesBuildPhase section */
		AE3B0908197AEC7A00A9B4CC /* Resources */ = {
			isa = PBXResourcesBuildPhase;
			buildActionMask = 2147483647;
			files = (
				AE3B0915197AEC7A00A9B4CC /* Main.storyboard in Resources */,
				AE3B0917197AEC7A00A9B4CC /* Images.xcassets in Resources */,
			);
			runOnlyForDeploymentPostprocessing = 0;
		};
		AE3B091A197AEC7A00A9B4CC /* Resources */ = {
			isa = PBXResourcesBuildPhase;
			buildActionMask = 2147483647;
			files = (
			);
			runOnlyForDeploymentPostprocessing = 0;
		};
/* End PBXResourcesBuildPhase section */

/* Begin PBXSourcesBuildPhase section */
		AE3B0906197AEC7A00A9B4CC /* Sources */ = {
			isa = PBXSourcesBuildPhase;
			buildActionMask = 2147483647;
			files = (
				AE3B0912197AEC7A00A9B4CC /* ViewController.swift in Sources */,
				AE3B0910197AEC7A00A9B4CC /* AppDelegate.swift in Sources */,
			);
			runOnlyForDeploymentPostprocessing = 0;
		};
		AE3B0918197AEC7A00A9B4CC /* Sources */ = {
			isa = PBXSourcesBuildPhase;
			buildActionMask = 2147483647;
			files = (
				AE3B0923197AEC7A00A9B4CC /* TallerSwiftSampleButtonsTests.swift in Sources */,
			);
			runOnlyForDeploymentPostprocessing = 0;
		};
/* End PBXSourcesBuildPhase section */

/* Begin PBXTargetDependency section */
		AE3B091E197AEC7A00A9B4CC /* PBXTargetDependency */ = {
			isa = PBXTargetDependency;
			target = AE3B0909197AEC7A00A9B4CC /* TallerSwiftSampleButtons */;
			targetProxy = AE3B091D197AEC7A00A9B4CC /* PBXContainerItemProxy */;
		};
/* End PBXTargetDependency section */

/* Begin PBXVariantGroup section */
		AE3B0913197AEC7A00A9B4CC /* Main.storyboard */ = {
			isa = PBXVariantGroup;
			children = (
				AE3B0914197AEC7A00A9B4CC /* Base */,
			);
			name = Main.storyboard;
			sourceTree = "<group>";
		};
/* End PBXVariantGroup section */

/* Begin XCBuildConfiguration section */
		AE3B0924197AEC7A00A9B4CC /* Debug */ = {
			isa = XCBuildConfiguration;
			buildSettings = {
				ALWAYS_SEARCH_USER_PATHS = NO;
				CLANG_CXX_LANGUAGE_STANDARD = "gnu++0x";
				CLANG_CXX_LIBRARY = "libc++";
				CLANG_ENABLE_MODULES = YES;
				CLANG_ENABLE_OBJC_ARC = YES;
				CLANG_WARN_BOOL_CONVERSION = YES;
				CLANG_WARN_CONSTANT_CONVERSION = YES;
				CLANG_WARN_DIRECT_OBJC_ISA_USAGE = YES_ERROR;
				CLANG_WARN_EMPTY_BODY = YES;
				CLANG_WARN_ENUM_CONVERSION = YES;
				CLANG_WARN_INT_CONVERSION = YES;
				CLANG_WARN_OBJC_ROOT_CLASS = YES_ERROR;
				CLANG_WARN_UNREACHABLE_CODE = YES;
				CLANG_WARN__DUPLICATE_METHOD_MATCH = YES;
				"CODE_SIGN_IDENTITY[sdk=iphoneos*]" = "iPhone Developer";
				COPY_PHASE_STRIP = NO;
				ENABLE_STRICT_OBJC_MSGSEND = YES;
				GCC_C_LANGUAGE_STANDARD = gnu99;
				GCC_DYNAMIC_NO_PIC = NO;
				GCC_OPTIMIZATION_LEVEL = 0;
				GCC_PREPROCESSOR_DEFINITIONS = (
					"DEBUG=1",
					"$(inherited)",
				);
				GCC_SYMBOLS_PRIVATE_EXTERN = NO;
				GCC_WARN_64_TO_32_BIT_CONVERSION = YES;
				GCC_WARN_ABOUT_RETURN_TYPE = YES_ERROR;
				GCC_WARN_UNDECLARED_SELECTOR = YES;
				GCC_WARN_UNINITIALIZED_AUTOS = YES_AGGRESSIVE;
				GCC_WARN_UNUSED_FUNCTION = YES;
				GCC_WARN_UNUSED_VARIABLE = YES;
				IPHONEOS_DEPLOYMENT_TARGET = 8.0;
				MTL_ENABLE_DEBUG_INFO = YES;
				ONLY_ACTIVE_ARCH = YES;
				SDKROOT = iphoneos;
				SWIFT_OPTIMIZATION_LEVEL = "-Onone";
			};
			name = Debug;
		};
		AE3B0925197AEC7A00A9B4CC /* Release */ = {
			isa = XCBuildConfiguration;
			buildSettings = {
				ALWAYS_SEARCH_USER_PATHS = NO;
				CLANG_CXX_LANGUAGE_STANDARD = "gnu++0x";
				CLANG_CXX_LIBRARY = "libc++";
				CLANG_ENABLE_MODULES = YES;
				CLANG_ENABLE_OBJC_ARC = YES;
				CLANG_WARN_BOOL_CONVERSION = YES;
				CLANG_WARN_CONSTANT_CONVERSION = YES;
				CLANG_WARN_DIRECT_OBJC_ISA_USAGE = YES_ERROR;
				CLANG_WARN_EMPTY_BODY = YES;
				CLANG_WARN_ENUM_CONVERSION = YES;
				CLANG_WARN_INT_CONVERSION = YES;
				CLANG_WARN_OBJC_ROOT_CLASS = YES_ERROR;
				CLANG_WARN_UNREACHABLE_CODE = YES;
				CLANG_WARN__DUPLICATE_METHOD_MATCH = YES;
				"CODE_SIGN_IDENTITY[sdk=iphoneos*]" = "iPhone Developer";
				COPY_PHASE_STRIP = YES;
				ENABLE_NS_ASSERTIONS = NO;
				ENABLE_STRICT_OBJC_MSGSEND = YES;
				GCC_C_LANGUAGE_STANDARD = gnu99;
				GCC_WARN_64_TO_32_BIT_CONVERSION = YES;
				GCC_WARN_ABOUT_RETURN_TYPE = YES_ERROR;
				GCC_WARN_UNDECLARED_SELECTOR = YES;
				GCC_WARN_UNINITIALIZED_AUTOS = YES_AGGRESSIVE;
				GCC_WARN_UNUSED_FUNCTION = YES;
				GCC_WARN_UNUSED_VARIABLE = YES;
				IPHONEOS_DEPLOYMENT_TARGET = 8.0;
				MTL_ENABLE_DEBUG_INFO = NO;
				SDKROOT = iphoneos;
				VALIDATE_PRODUCT = YES;
			};
			name = Release;
		};
		AE3B0927197AEC7A00A9B4CC /* Debug */ = {
			isa = XCBuildConfiguration;
			buildSettings = {
				ASSETCATALOG_COMPILER_APPICON_NAME = AppIcon;
				ASSETCATALOG_COMPILER_LAUNCHIMAGE_NAME = LaunchImage;
				INFOPLIST_FILE = TallerSwiftSampleButtons/Info.plist;
				LD_RUNPATH_SEARCH_PATHS = "$(inherited) @executable_path/Frameworks";
				PRODUCT_NAME = "$(TARGET_NAME)";
			};
			name = Debug;
		};
		AE3B0928197AEC7A00A9B4CC /* Release */ = {
			isa = XCBuildConfiguration;
			buildSettings = {
				ASSETCATALOG_COMPILER_APPICON_NAME = AppIcon;
				ASSETCATALOG_COMPILER_LAUNCHIMAGE_NAME = LaunchImage;
				INFOPLIST_FILE = TallerSwiftSampleButtons/Info.plist;
				LD_RUNPATH_SEARCH_PATHS = "$(inherited) @executable_path/Frameworks";
				PRODUCT_NAME = "$(TARGET_NAME)";
			};
			name = Release;
		};
		AE3B092A197AEC7A00A9B4CC /* Debug */ = {
			isa = XCBuildConfiguration;
			buildSettings = {
				BUNDLE_LOADER = "$(BUILT_PRODUCTS_DIR)/TallerSwiftSampleButtons.app/TallerSwiftSampleButtons";
				FRAMEWORK_SEARCH_PATHS = (
					"$(SDKROOT)/Developer/Library/Frameworks",
					"$(inherited)",
				);
				GCC_PREPROCESSOR_DEFINITIONS = (
					"DEBUG=1",
					"$(inherited)",
				);
				INFOPLIST_FILE = TallerSwiftSampleButtonsTests/Info.plist;
				LD_RUNPATH_SEARCH_PATHS = "$(inherited) @executable_path/Frameworks @loader_path/Frameworks";
				PRODUCT_NAME = "$(TARGET_NAME)";
				TEST_HOST = "$(BUNDLE_LOADER)";
			};
			name = Debug;
		};
		AE3B092B197AEC7A00A9B4CC /* Release */ = {
			isa = XCBuildConfiguration;
			buildSettings = {
				BUNDLE_LOADER = "$(BUILT_PRODUCTS_DIR)/TallerSwiftSampleButtons.app/TallerSwiftSampleButtons";
				FRAMEWORK_SEARCH_PATHS = (
					"$(SDKROOT)/Developer/Library/Frameworks",
					"$(inherited)",
				);
				INFOPLIST_FILE = TallerSwiftSampleButtonsTests/Info.plist;
				LD_RUNPATH_SEARCH_PATHS = "$(inherited) @executable_path/Frameworks @loader_path/Frameworks";
				PRODUCT_NAME = "$(TARGET_NAME)";
				TEST_HOST = "$(BUNDLE_LOADER)";
			};
			name = Release;
		};
/* End XCBuildConfiguration section */

/* Begin XCConfigurationList section */
		AE3B0905197AEC7A00A9B4CC /* Build configuration list for PBXProject "TallerSwiftSampleButtons" */ = {
			isa = XCConfigurationList;
			buildConfigurations = (
				AE3B0924197AEC7A00A9B4CC /* Debug */,
				AE3B0925197AEC7A00A9B4CC /* Release */,
			);
			defaultConfigurationIsVisible = 0;
			defaultConfigurationName = Release;
		};
		AE3B0926197AEC7A00A9B4CC /* Build configuration list for PBXNativeTarget "TallerSwiftSampleButtons" */ = {
			isa = XCConfigurationList;
			buildConfigurations = (
				AE3B0927197AEC7A00A9B4CC /* Debug */,
				AE3B0928197AEC7A00A9B4CC /* Release */,
			);
			defaultConfigurationIsVisible = 0;
		};
		AE3B0929197AEC7A00A9B4CC /* Build configuration list for PBXNativeTarget "TallerSwiftSampleButtonsTests" */ = {
			isa = XCConfigurationList;
			buildConfigurations = (
				AE3B092A197AEC7A00A9B4CC /* Debug */,
				AE3B092B197AEC7A00A9B4CC /* Release */,
			);
			defaultConfigurationIsVisible = 0;
		};
/* End XCConfigurationList section */
	};
	rootObject = AE3B0902197AEC7A00A9B4CC /* Project object */;
}
